
Microsoft Visual Studio Solution File, Format Version 12.00
# Visual Studio Version 16
VisualStudioVersion = 16.0.29326.143
MinimumVisualStudioVersion = 10.0.40219.1
Project("{9A19103F-16F7-4668-BE54-9A1E7A4F7556}") = "CZGL.SystemInfo", "src\CZGL.SystemInfo\CZGL.SystemInfo.csproj", "{C767F0D5-FE59-4CF0-99CE-E7EB530EF0EE}"
EndProject
Project("{9A19103F-16F7-4668-BE54-9A1E7A4F7556}") = "CZGL.SystemInfo.Linux", "src\CZGL.SystemInfo.Linux\CZGL.SystemInfo.Linux.csproj", "{F6615E90-336D-4E16-8BCE-1E665FE03F3E}"
EndProject
Project("{9A19103F-16F7-4668-BE54-9A1E7A4F7556}") = "CZGL.SystemInfo.Windows", "src\CZGL.SystemInfo.Windows\CZGL.SystemInfo.Windows.csproj", "{3C7DAE9C-927B-4CBC-957A-9F40AA387171}"
EndProject
Project("{2150E333-8FDC-42A3-9474-1A3956D46DE8}") = "src", "src", "{5EF8FC14-BB0A-4374-A921-A4DC45165B6D}"
EndProject
Project("{2150E333-8FDC-42A3-9474-1A3956D46DE8}") = "examples", "examples", "{94A57FD9-ADAF-4911-B9AE-1DA7E318881A}"
EndProject
Project("{9A19103F-16F7-4668-BE54-9A1E7A4F7556}") = "ConsoleLinux", "examples\ConsoleLinux\ConsoleLinux.csproj", "{69355BFC-9DA0-400A-9F20-FA7F49E9FFFC}"
EndProject
Project("{9A19103F-16F7-4668-BE54-9A1E7A4F7556}") = "Consoletest", "examples\Consoletest\Consoletest.csproj", "{BAC539F7-6C46-4E43-ABA8-01F273A1A0D0}"
EndProject
Project("{2150E333-8FDC-42A3-9474-1A3956D46DE8}") = "tests", "tests", "{371AE8EC-68C1-4265-9E5E-96AAADD3D950}"
EndProject
Project("{9A19103F-16F7-4668-BE54-9A1E7A4F7556}") = "SystemInfoBlazor", "examples\SystemInfoBlazor\SystemInfoBlazor.csproj", "{4102CA58-D3F8-4779-B023-8BD15068DBD4}"
EndProject
Project("{9A19103F-16F7-4668-BE54-9A1E7A4F7556}") = "CZGLSystemInfo", "src\CZGLSystemInfo\CZGLSystemInfo.csproj", "{F9EBA312-1BF8-4808-B2ED-8233DBB5E924}"
EndProject
Project("{9A19103F-16F7-4668-BE54-9A1E7A4F7556}") = "InfoTests", "tests\InfoTests\InfoTests.csproj", "{90483EFB-1DCE-4A70-A0F3-79A680A351A5}"
EndProject
Project("{9A19103F-16F7-4668-BE54-9A1E7A4F7556}") = "CZGL.ProcessMetrics", "src\CZGL.ProcessMetrics\CZGL.ProcessMetrics.csproj", "{0A9C78AC-3C78-477A-9F79-01BE0546C32C}"
EndProject
Project("{9A19103F-16F7-4668-BE54-9A1E7A4F7556}") = "PrometheusMetrics", "examples\PrometheusMetrics\PrometheusMetrics.csproj", "{CED16240-019D-4EB0-9158-DD9B7A4C9470}"
EndProject
Project("{9A19103F-16F7-4668-BE54-9A1E7A4F7556}") = "CZGL.ProcessMetrics.ASPNETCore", "src\CZGL.ProcessMetrics.ASPNETCore\CZGL.ProcessMetrics.ASPNETCore.csproj", "{E34A747E-A5B9-449E-B821-0787A6EE2CAC}"
EndProject
Project("{FAE04EC0-301F-11D3-BF4B-00C04F79EFBC}") = "WindowsFormsApp", "examples\WindowsFormsApp\WindowsFormsApp.csproj", "{E70B9C94-A2C7-46BF-BF81-1F3153D0D4F5}"
EndProject
Global
	GlobalSection(SolutionConfigurationPlatforms) = preSolution
		Debug|Any CPU = Debug|Any CPU
		Release|Any CPU = Release|Any CPU
	EndGlobalSection
	GlobalSection(ProjectConfigurationPlatforms) = postSolution
		{C767F0D5-FE59-4CF0-99CE-E7EB530EF0EE}.Debug|Any CPU.ActiveCfg = Debug|Any CPU
		{C767F0D5-FE59-4CF0-99CE-E7EB530EF0EE}.Debug|Any CPU.Build.0 = Debug|Any CPU
		{C767F0D5-FE59-4CF0-99CE-E7EB530EF0EE}.Release|Any CPU.ActiveCfg = Release|Any CPU
		{C767F0D5-FE59-4CF0-99CE-E7EB530EF0EE}.Release|Any CPU.Build.0 = Release|Any CPU
		{F6615E90-336D-4E16-8BCE-1E665FE03F3E}.Debug|Any CPU.ActiveCfg = Debug|Any CPU
		{F6615E90-336D-4E16-8BCE-1E665FE03F3E}.Debug|Any CPU.Build.0 = Debug|Any CPU
		{F6615E90-336D-4E16-8BCE-1E665FE03F3E}.Release|Any CPU.ActiveCfg = Release|Any CPU
		{F6615E90-336D-4E16-8BCE-1E665FE03F3E}.Release|Any CPU.Build.0 = Release|Any CPU
		{3C7DAE9C-927B-4CBC-957A-9F40AA387171}.Debug|Any CPU.ActiveCfg = Debug|Any CPU
		{3C7DAE9C-927B-4CBC-957A-9F40AA387171}.Debug|Any CPU.Build.0 = Debug|Any CPU
		{3C7DAE9C-927B-4CBC-957A-9F40AA387171}.Release|Any CPU.ActiveCfg = Release|Any CPU
		{3C7DAE9C-927B-4CBC-957A-9F40AA387171}.Release|Any CPU.Build.0 = Release|Any CPU
		{69355BFC-9DA0-400A-9F20-FA7F49E9FFFC}.Debug|Any CPU.ActiveCfg = Debug|Any CPU
		{69355BFC-9DA0-400A-9F20-FA7F49E9FFFC}.Debug|Any CPU.Build.0 = Debug|Any CPU
		{69355BFC-9DA0-400A-9F20-FA7F49E9FFFC}.Release|Any CPU.ActiveCfg = Release|Any CPU
		{69355BFC-9DA0-400A-9F20-FA7F49E9FFFC}.Release|Any CPU.Build.0 = Release|Any CPU
		{BAC539F7-6C46-4E43-ABA8-01F273A1A0D0}.Debug|Any CPU.ActiveCfg = Debug|Any CPU
		{BAC539F7-6C46-4E43-ABA8-01F273A1A0D0}.Debug|Any CPU.Build.0 = Debug|Any CPU
		{BAC539F7-6C46-4E43-ABA8-01F273A1A0D0}.Release|Any CPU.ActiveCfg = Release|Any CPU
		{BAC539F7-6C46-4E43-ABA8-01F273A1A0D0}.Release|Any CPU.Build.0 = Release|Any CPU
		{4102CA58-D3F8-4779-B023-8BD15068DBD4}.Debug|Any CPU.ActiveCfg = Debug|Any CPU
		{4102CA58-D3F8-4779-B023-8BD15068DBD4}.Debug|Any CPU.Build.0 = Debug|Any CPU
		{4102CA58-D3F8-4779-B023-8BD15068DBD4}.Release|Any CPU.ActiveCfg = Release|Any CPU
		{4102CA58-D3F8-4779-B023-8BD15068DBD4}.Release|Any CPU.Build.0 = Release|Any CPU
		{F9EBA312-1BF8-4808-B2ED-8233DBB5E924}.Debug|Any CPU.ActiveCfg = Debug|Any CPU
		{F9EBA312-1BF8-4808-B2ED-8233DBB5E924}.Debug|Any CPU.Build.0 = Debug|Any CPU
		{F9EBA312-1BF8-4808-B2ED-8233DBB5E924}.Release|Any CPU.ActiveCfg = Release|Any CPU
		{F9EBA312-1BF8-4808-B2ED-8233DBB5E924}.Release|Any CPU.Build.0 = Release|Any CPU
		{90483EFB-1DCE-4A70-A0F3-79A680A351A5}.Debug|Any CPU.ActiveCfg = Debug|Any CPU
		{90483EFB-1DCE-4A70-A0F3-79A680A351A5}.Debug|Any CPU.Build.0 = Debug|Any CPU
		{90483EFB-1DCE-4A70-A0F3-79A680A351A5}.Release|Any CPU.ActiveCfg = Release|Any CPU
		{90483EFB-1DCE-4A70-A0F3-79A680A351A5}.Release|Any CPU.Build.0 = Release|Any CPU
		{0A9C78AC-3C78-477A-9F79-01BE0546C32C}.Debug|Any CPU.ActiveCfg = Debug|Any CPU
		{0A9C78AC-3C78-477A-9F79-01BE0546C32C}.Debug|Any CPU.Build.0 = Debug|Any CPU
		{0A9C78AC-3C78-477A-9F79-01BE0546C32C}.Release|Any CPU.ActiveCfg = Release|Any CPU
		{0A9C78AC-3C78-477A-9F79-01BE0546C32C}.Release|Any CPU.Build.0 = Release|Any CPU
		{CED16240-019D-4EB0-9158-DD9B7A4C9470}.Debug|Any CPU.ActiveCfg = Debug|Any CPU
		{CED16240-019D-4EB0-9158-DD9B7A4C9470}.Debug|Any CPU.Build.0 = Debug|Any CPU
		{CED16240-019D-4EB0-9158-DD9B7A4C9470}.Release|Any CPU.ActiveCfg = Release|Any CPU
		{CED16240-019D-4EB0-9158-DD9B7A4C9470}.Release|Any CPU.Build.0 = Release|Any CPU
		{E34A747E-A5B9-449E-B821-0787A6EE2CAC}.Debug|Any CPU.ActiveCfg = Debug|Any CPU
		{E34A747E-A5B9-449E-B821-0787A6EE2CAC}.Debug|Any CPU.Build.0 = Debug|Any CPU
		{E34A747E-A5B9-449E-B821-0787A6EE2CAC}.Release|Any CPU.ActiveCfg = Release|Any CPU
		{E34A747E-A5B9-449E-B821-0787A6EE2CAC}.Release|Any CPU.Build.0 = Release|Any CPU
		{E70B9C94-A2C7-46BF-BF81-1F3153D0D4F5}.Debug|Any CPU.ActiveCfg = Debug|Any CPU
		{E70B9C94-A2C7-46BF-BF81-1F3153D0D4F5}.Debug|Any CPU.Build.0 = Debug|Any CPU
		{E70B9C94-A2C7-46BF-BF81-1F3153D0D4F5}.Release|Any CPU.ActiveCfg = Release|Any CPU
		{E70B9C94-A2C7-46BF-BF81-1F3153D0D4F5}.Release|Any CPU.Build.0 = Release|Any CPU
	EndGlobalSection
	GlobalSection(SolutionProperties) = preSolution
		HideSolutionNode = FALSE
	EndGlobalSection
	GlobalSection(NestedProjects) = preSolution
		{C767F0D5-FE59-4CF0-99CE-E7EB530EF0EE} = {5EF8FC14-BB0A-4374-A921-A4DC45165B6D}
		{F6615E90-336D-4E16-8BCE-1E665FE03F3E} = {5EF8FC14-BB0A-4374-A921-A4DC45165B6D}
		{3C7DAE9C-927B-4CBC-957A-9F40AA387171} = {5EF8FC14-BB0A-4374-A921-A4DC45165B6D}
		{69355BFC-9DA0-400A-9F20-FA7F49E9FFFC} = {94A57FD9-ADAF-4911-B9AE-1DA7E318881A}
		{BAC539F7-6C46-4E43-ABA8-01F273A1A0D0} = {94A57FD9-ADAF-4911-B9AE-1DA7E318881A}
		{4102CA58-D3F8-4779-B023-8BD15068DBD4} = {94A57FD9-ADAF-4911-B9AE-1DA7E318881A}
		{F9EBA312-1BF8-4808-B2ED-8233DBB5E924} = {5EF8FC14-BB0A-4374-A921-A4DC45165B6D}
		{90483EFB-1DCE-4A70-A0F3-79A680A351A5} = {371AE8EC-68C1-4265-9E5E-96AAADD3D950}
		{0A9C78AC-3C78-477A-9F79-01BE0546C32C} = {5EF8FC14-BB0A-4374-A921-A4DC45165B6D}
		{CED16240-019D-4EB0-9158-DD9B7A4C9470} = {94A57FD9-ADAF-4911-B9AE-1DA7E318881A}
		{E34A747E-A5B9-449E-B821-0787A6EE2CAC} = {5EF8FC14-BB0A-4374-A921-A4DC45165B6D}
		{E70B9C94-A2C7-46BF-BF81-1F3153D0D4F5} = {94A57FD9-ADAF-4911-B9AE-1DA7E318881A}
	EndGlobalSection
	GlobalSection(ExtensibilityGlobals) = postSolution
		SolutionGuid = {9A4463D9-715F-4622-8FA1-C9E14BEFF831}
	EndGlobalSection
EndGlobal
